
Microsoft Visual Studio Solution File, Format Version 12.00
# Visual Studio Version 16
VisualStudioVersion = 16.0.31702.278
MinimumVisualStudioVersion = 10.0.40219.1
Project("{9A19103F-16F7-4668-BE54-9A1E7A4F7556}") = "pz_001", "pz_001\pz_001.csproj", "{6FD0862A-CFC0-4C7A-99F3-DA68F0B7EA29}"
EndProject
Project("{FAE04EC0-301F-11D3-BF4B-00C04F79EFBC}") = "pz_002", "pz_002\pz_002.csproj", "{DC710394-F82E-44E1-B840-BEC406F9C838}"
EndProject
Global
	GlobalSection(SolutionConfigurationPlatforms) = preSolution
		Debug|Any CPU = Debug|Any CPU
		Release|Any CPU = Release|Any CPU
	EndGlobalSection
	GlobalSection(ProjectConfigurationPlatforms) = postSolution
		{6FD0862A-CFC0-4C7A-99F3-DA68F0B7EA29}.Debug|Any CPU.ActiveCfg = Debug|Any CPU
		{6FD0862A-CFC0-4C7A-99F3-DA68F0B7EA29}.Debug|Any CPU.Build.0 = Debug|Any CPU
		{6FD0862A-CFC0-4C7A-99F3-DA68F0B7EA29}.Release|Any CPU.ActiveCfg = Release|Any CPU
		{6FD0862A-CFC0-4C7A-99F3-DA68F0B7EA29}.Release|Any CPU.Build.0 = Release|Any CPU
		{DC710394-F82E-44E1-B840-BEC406F9C838}.Debug|Any CPU.ActiveCfg = Debug|Any CPU
		{DC710394-F82E-44E1-B840-BEC406F9C838}.Debug|Any CPU.Build.0 = Debug|Any CPU
		{DC710394-F82E-44E1-B840-BEC406F9C838}.Release|Any CPU.ActiveCfg = Release|Any CPU
		{DC710394-F82E-44E1-B840-BEC406F9C838}.Release|Any CPU.Build.0 = Release|Any CPU
	EndGlobalSection
	GlobalSection(SolutionProperties) = preSolution
		HideSolutionNode = FALSE
	EndGlobalSection
	GlobalSection(ExtensibilityGlobals) = postSolution
		SolutionGuid = {69FE2B6E-72EF-47A6-862B-3B3EBE38BE7C}
	EndGlobalSection
EndGlobal
