
Microsoft Visual Studio Solution File, Format Version 12.00
# Visual Studio Version 17
VisualStudioVersion = 17.5.33424.131
MinimumVisualStudioVersion = 10.0.40219.1
Project("{9A19103F-16F7-4668-BE54-9A1E7A4F7556}") = "pz_001", "pz_001\pz_001.csproj", "{6FD0862A-CFC0-4C7A-99F3-DA68F0B7EA29}"
EndProject
Project("{9A19103F-16F7-4668-BE54-9A1E7A4F7556}") = "pz_002", "pz_002\pz_002.csproj", "{DC710394-F82E-44E1-B840-BEC406F9C838}"
EndProject
Project("{9A19103F-16F7-4668-BE54-9A1E7A4F7556}") = "pz_004", "pz_004\pz_004.csproj", "{BA6C6354-FF64-4069-BFAF-B159BDE8A9A1}"
EndProject
Project("{9A19103F-16F7-4668-BE54-9A1E7A4F7556}") = "pz_003", "pz_003\pz_003.csproj", "{4DF61E2A-33D0-4237-9756-2EE0BA635376}"
EndProject
Project("{9A19103F-16F7-4668-BE54-9A1E7A4F7556}") = "pz_005", "pz_005\pz_005.csproj", "{12BB49B0-4849-4EBF-95EE-CFF67E0EC1BA}"
EndProject
Project("{FAE04EC0-301F-11D3-BF4B-00C04F79EFBC}") = "pz_006", "pz_006\pz_006.csproj", "{AE4B0D93-7204-4D73-A1FB-EDBF807146D0}"
EndProject
Project("{9A19103F-16F7-4668-BE54-9A1E7A4F7556}") = "pz_007", "pz_007\pz_007.csproj", "{F959BF6B-8332-46E0-8D08-ABD453F02996}"
EndProject
Project("{9A19103F-16F7-4668-BE54-9A1E7A4F7556}") = "pz_008", "pz_008\pz_008.csproj", "{1D11232E-F3B2-4496-8ECD-F16166F0F64E}"
EndProject
Project("{9A19103F-16F7-4668-BE54-9A1E7A4F7556}") = "pz_009", "pz_009\pz_009.csproj", "{15296985-484A-4C26-BE34-0A5C819A081F}"
EndProject
Project("{9A19103F-16F7-4668-BE54-9A1E7A4F7556}") = "pz_010", "pz_010\pz_010.csproj", "{D3724A44-BAE6-47E9-9DD2-023E8AB10280}"
EndProject
Global
	GlobalSection(SolutionConfigurationPlatforms) = preSolution
		Debug|Any CPU = Debug|Any CPU
		Release|Any CPU = Release|Any CPU
	EndGlobalSection
	GlobalSection(ProjectConfigurationPlatforms) = postSolution
		{6FD0862A-CFC0-4C7A-99F3-DA68F0B7EA29}.Debug|Any CPU.ActiveCfg = Debug|Any CPU
		{6FD0862A-CFC0-4C7A-99F3-DA68F0B7EA29}.Debug|Any CPU.Build.0 = Debug|Any CPU
		{6FD0862A-CFC0-4C7A-99F3-DA68F0B7EA29}.Release|Any CPU.ActiveCfg = Release|Any CPU
		{6FD0862A-CFC0-4C7A-99F3-DA68F0B7EA29}.Release|Any CPU.Build.0 = Release|Any CPU
		{DC710394-F82E-44E1-B840-BEC406F9C838}.Debug|Any CPU.ActiveCfg = Debug|Any CPU
		{DC710394-F82E-44E1-B840-BEC406F9C838}.Debug|Any CPU.Build.0 = Debug|Any CPU
		{DC710394-F82E-44E1-B840-BEC406F9C838}.Release|Any CPU.ActiveCfg = Release|Any CPU
		{DC710394-F82E-44E1-B840-BEC406F9C838}.Release|Any CPU.Build.0 = Release|Any CPU
		{BA6C6354-FF64-4069-BFAF-B159BDE8A9A1}.Debug|Any CPU.ActiveCfg = Debug|Any CPU
		{BA6C6354-FF64-4069-BFAF-B159BDE8A9A1}.Debug|Any CPU.Build.0 = Debug|Any CPU
		{BA6C6354-FF64-4069-BFAF-B159BDE8A9A1}.Release|Any CPU.ActiveCfg = Release|Any CPU
		{BA6C6354-FF64-4069-BFAF-B159BDE8A9A1}.Release|Any CPU.Build.0 = Release|Any CPU
		{4DF61E2A-33D0-4237-9756-2EE0BA635376}.Debug|Any CPU.ActiveCfg = Debug|Any CPU
		{4DF61E2A-33D0-4237-9756-2EE0BA635376}.Debug|Any CPU.Build.0 = Debug|Any CPU
		{4DF61E2A-33D0-4237-9756-2EE0BA635376}.Release|Any CPU.ActiveCfg = Release|Any CPU
		{4DF61E2A-33D0-4237-9756-2EE0BA635376}.Release|Any CPU.Build.0 = Release|Any CPU
		{12BB49B0-4849-4EBF-95EE-CFF67E0EC1BA}.Debug|Any CPU.ActiveCfg = Debug|Any CPU
		{12BB49B0-4849-4EBF-95EE-CFF67E0EC1BA}.Debug|Any CPU.Build.0 = Debug|Any CPU
		{12BB49B0-4849-4EBF-95EE-CFF67E0EC1BA}.Release|Any CPU.ActiveCfg = Release|Any CPU
		{12BB49B0-4849-4EBF-95EE-CFF67E0EC1BA}.Release|Any CPU.Build.0 = Release|Any CPU
		{AE4B0D93-7204-4D73-A1FB-EDBF807146D0}.Debug|Any CPU.ActiveCfg = Debug|Any CPU
		{AE4B0D93-7204-4D73-A1FB-EDBF807146D0}.Debug|Any CPU.Build.0 = Debug|Any CPU
		{AE4B0D93-7204-4D73-A1FB-EDBF807146D0}.Release|Any CPU.ActiveCfg = Release|Any CPU
		{AE4B0D93-7204-4D73-A1FB-EDBF807146D0}.Release|Any CPU.Build.0 = Release|Any CPU
		{F959BF6B-8332-46E0-8D08-ABD453F02996}.Debug|Any CPU.ActiveCfg = Debug|Any CPU
		{F959BF6B-8332-46E0-8D08-ABD453F02996}.Debug|Any CPU.Build.0 = Debug|Any CPU
		{F959BF6B-8332-46E0-8D08-ABD453F02996}.Release|Any CPU.ActiveCfg = Release|Any CPU
		{F959BF6B-8332-46E0-8D08-ABD453F02996}.Release|Any CPU.Build.0 = Release|Any CPU
		{1D11232E-F3B2-4496-8ECD-F16166F0F64E}.Debug|Any CPU.ActiveCfg = Debug|Any CPU
		{1D11232E-F3B2-4496-8ECD-F16166F0F64E}.Debug|Any CPU.Build.0 = Debug|Any CPU
		{1D11232E-F3B2-4496-8ECD-F16166F0F64E}.Release|Any CPU.ActiveCfg = Release|Any CPU
		{1D11232E-F3B2-4496-8ECD-F16166F0F64E}.Release|Any CPU.Build.0 = Release|Any CPU
		{15296985-484A-4C26-BE34-0A5C819A081F}.Debug|Any CPU.ActiveCfg = Debug|Any CPU
		{15296985-484A-4C26-BE34-0A5C819A081F}.Debug|Any CPU.Build.0 = Debug|Any CPU
		{15296985-484A-4C26-BE34-0A5C819A081F}.Release|Any CPU.ActiveCfg = Release|Any CPU
		{15296985-484A-4C26-BE34-0A5C819A081F}.Release|Any CPU.Build.0 = Release|Any CPU
		{D3724A44-BAE6-47E9-9DD2-023E8AB10280}.Debug|Any CPU.ActiveCfg = Debug|Any CPU
		{D3724A44-BAE6-47E9-9DD2-023E8AB10280}.Debug|Any CPU.Build.0 = Debug|Any CPU
		{D3724A44-BAE6-47E9-9DD2-023E8AB10280}.Release|Any CPU.ActiveCfg = Release|Any CPU
		{D3724A44-BAE6-47E9-9DD2-023E8AB10280}.Release|Any CPU.Build.0 = Release|Any CPU
	EndGlobalSection
	GlobalSection(SolutionProperties) = preSolution
		HideSolutionNode = FALSE
	EndGlobalSection
	GlobalSection(ExtensibilityGlobals) = postSolution
		SolutionGuid = {69FE2B6E-72EF-47A6-862B-3B3EBE38BE7C}
	EndGlobalSection
EndGlobal
